
Microsoft Visual Studio Solution File, Format Version 12.00
# Visual Studio Express 2013 for Web
VisualStudioVersion = 12.0.31101.0
MinimumVisualStudioVersion = 10.0.40219.1
Project("{FAE04EC0-301F-11D3-BF4B-00C04F79EFBC}") = "HRMS.DAL", "DAL\HRMS.DAL.csproj", "{516E072E-A971-47CC-A9FE-2F039E4FAFC7}"
EndProject
Project("{FAE04EC0-301F-11D3-BF4B-00C04F79EFBC}") = "HRMS.Resources", "HRMS.Resources\HRMS.Resources.csproj", "{A6286877-2019-4C44-BC51-F5E062AFBD16}"
EndProject
Project("{FAE04EC0-301F-11D3-BF4B-00C04F79EFBC}") = "HRMS.Models", "HRMS.Models\HRMS.Models.csproj", "{DB176888-87DC-4CB6-BB14-2A3CE0523715}"
EndProject
Project("{FAE04EC0-301F-11D3-BF4B-00C04F79EFBC}") = "HRMS", "HRMS.WebSite\HRMS.csproj", "{96B6D5C7-7209-4E39-90A4-C2BAC46F5B10}"
EndProject
Project("{FAE04EC0-301F-11D3-BF4B-00C04F79EFBC}") = "HRMS.Notification", "HRMS.Notification\HRMS.Notification.csproj", "{F4F14DFD-1ABB-4DC4-BA56-5130233F1FB8}"
EndProject
Project("{FAE04EC0-301F-11D3-BF4B-00C04F79EFBC}") = "FileLoggerHelpdesk", "FileLoggerHelpdesk\FileLoggerHelpdesk.csproj", "{682B9BF3-0A18-4345-A8AF-2DCC659CF9C5}"
EndProject
Project("{FAE04EC0-301F-11D3-BF4B-00C04F79EFBC}") = "V2ExceptionHelpdesk", "V2ExceptionHelpdesk\V2ExceptionHelpdesk.csproj", "{278CD1CC-7D12-4E76-A077-FE462285B1DA}"
EndProject
Project("{FAE04EC0-301F-11D3-BF4B-00C04F79EFBC}") = "BusinessLayer", "BusinessLayer\BusinessLayer.csproj", "{3C9E9BFF-435B-415C-9836-0C0F9C0FEDE7}"
EndProject
Project("{FAE04EC0-301F-11D3-BF4B-00C04F79EFBC}") = "DataLayer", "DataLayer\DataLayer.csproj", "{680673AC-5102-4D2F-857F-0C1AF91675AF}"
EndProject
Project("{FAE04EC0-301F-11D3-BF4B-00C04F79EFBC}") = "FileLogger", "FileLogger\FileLogger.csproj", "{A5D3E796-D746-4A13-9502-28E851DD9804}"
EndProject
Project("{FAE04EC0-301F-11D3-BF4B-00C04F79EFBC}") = "MailActivity", "MailActivity\MailActivity.csproj", "{FE5CFDE8-FAFE-469A-A9DF-E5A43280F41F}"
EndProject
Project("{FAE04EC0-301F-11D3-BF4B-00C04F79EFBC}") = "Model", "Model\Model.csproj", "{D3C06AA4-E61F-475F-AD75-D13B4B17567E}"
EndProject
Project("{FAE04EC0-301F-11D3-BF4B-00C04F79EFBC}") = "V2Exception", "V2Exception\V2Exception.csproj", "{ED2AE259-843C-4F22-8F6B-22269A46CE88}"
EndProject
Project("{FAE04EC0-301F-11D3-BF4B-00C04F79EFBC}") = "BLL", "BLL\BLL.csproj", "{39B25FD2-C1CC-4A56-9A32-6AA2A956D2D4}"
EndProject
Project("{FAE04EC0-301F-11D3-BF4B-00C04F79EFBC}") = "BOL", "BOL\BOL.csproj", "{3127649E-449A-4568-8E60-3ED4DB9175D9}"
EndProject
Project("{FAE04EC0-301F-11D3-BF4B-00C04F79EFBC}") = "Recruitment.DAL", "Recruitment.DAL\Recruitment.DAL.csproj", "{9967EAEC-7CA8-47B7-892C-00DE5AB7680A}"
EndProject
Project("{FAE04EC0-301F-11D3-BF4B-00C04F79EFBC}") = "BusinessLayerHelpDeskBranch", "BusinessLayerHelpDeskBranch\BusinessLayerHelpDeskBranch.csproj", "{586A1829-254E-4669-8400-2B6E67C326E9}"
EndProject
Project("{FAE04EC0-301F-11D3-BF4B-00C04F79EFBC}") = "DataLayerHelpDeskBranch", "DataLayerHelpDeskBranch\DataLayerHelpDeskBranch.csproj", "{0695C22E-E26A-40D8-BCF8-15677AAD6D18}"
EndProject
Project("{FAE04EC0-301F-11D3-BF4B-00C04F79EFBC}") = "ModelHelpDeskBranch", "ModelHelpDeskBranch\ModelHelpDeskBranch.csproj", "{4B642853-5919-434D-9132-616C46940D01}"
EndProject
Project("{FAE04EC0-301F-11D3-BF4B-00C04F79EFBC}") = "RecruitmentMailActivity", "RecruitmentMailActivity\RecruitmentMailActivity.csproj", "{D1C8C7A6-8CB0-4B95-BF5E-E85945B14697}"
EndProject
Project("{2150E333-8FDC-42A3-9474-1A3956D46DE8}") = ".nuget", ".nuget", "{C86D76D8-418C-4E3C-BF5A-ECFB8DE9EE9A}"
	ProjectSection(SolutionItems) = preProject
		.nuget\NuGet.Config = .nuget\NuGet.Config
		.nuget\NuGet.exe = .nuget\NuGet.exe
		.nuget\NuGet.targets = .nuget\NuGet.targets
	EndProjectSection
EndProject
Project("{FAE04EC0-301F-11D3-BF4B-00C04F79EFBC}") = "SignInSignOutWF", "SignInSignOutWF\SignInSignOutWF.csproj", "{26D48BBB-4B71-4CA4-B1BE-8D8C7DE14FB8}"
EndProject
Project("{FAE04EC0-301F-11D3-BF4B-00C04F79EFBC}") = "AttendanceCheckerWF", "AttendanceCheckerWF\AttendanceCheckerWF.csproj", "{D3261B5D-16AE-486E-819C-E8FE7781C910}"
EndProject
Project("{FAE04EC0-301F-11D3-BF4B-00C04F79EFBC}") = "CompensationWF", "CompensationWF\CompensationWF.csproj", "{5428FBBF-05A7-47B0-AB6B-2ADD123B956A}"
EndProject
Project("{FAE04EC0-301F-11D3-BF4B-00C04F79EFBC}") = "LeaveDetailsWF", "LeaveDetailsWF\LeaveDetailsWF.csproj", "{68A5706C-C8B1-4134-BA8E-D07063A1D379}"
EndProject
Project("{FAE04EC0-301F-11D3-BF4B-00C04F79EFBC}") = "OutOfOfficeWF", "OutOfOfficeWF\OutOfOfficeWF.csproj", "{7A5532A0-4E5D-485B-9906-45CC79CE6D44}"
EndProject
Project("{FAE04EC0-301F-11D3-BF4B-00C04F79EFBC}") = "LeaveSchedulerWO", "LeaveSchedulerWO\LeaveSchedulerWO.csproj", "{55CDFFCA-89C0-4829-AD5C-0F769D0EBA85}"
EndProject
Project("{FAE04EC0-301F-11D3-BF4B-00C04F79EFBC}") = "LeaveUploadWF", "LeaveUploadWF\LeaveUploadWF.csproj", "{C6295005-8D09-4310-9787-2268661D0054}"
EndProject
Global
	GlobalSection(SolutionConfigurationPlatforms) = preSolution
		Debug|Any CPU = Debug|Any CPU
		Debug|Mixed Platforms = Debug|Mixed Platforms
		Debug|x86 = Debug|x86
		DebugLocal|Any CPU = DebugLocal|Any CPU
		DebugLocal|Mixed Platforms = DebugLocal|Mixed Platforms
		DebugLocal|x86 = DebugLocal|x86
		Prod|Any CPU = Prod|Any CPU
		Prod|Mixed Platforms = Prod|Mixed Platforms
		Prod|x86 = Prod|x86
		Release|Any CPU = Release|Any CPU
		Release|Mixed Platforms = Release|Mixed Platforms
		Release|x86 = Release|x86
	EndGlobalSection
	GlobalSection(ProjectConfigurationPlatforms) = postSolution
		{516E072E-A971-47CC-A9FE-2F039E4FAFC7}.Debug|Any CPU.ActiveCfg = Debug|Any CPU
		{516E072E-A971-47CC-A9FE-2F039E4FAFC7}.Debug|Any CPU.Build.0 = Debug|Any CPU
		{516E072E-A971-47CC-A9FE-2F039E4FAFC7}.Debug|Mixed Platforms.ActiveCfg = Debug|Any CPU
		{516E072E-A971-47CC-A9FE-2F039E4FAFC7}.Debug|Mixed Platforms.Build.0 = Debug|Any CPU
		{516E072E-A971-47CC-A9FE-2F039E4FAFC7}.Debug|x86.ActiveCfg = Debug|Any CPU
		{516E072E-A971-47CC-A9FE-2F039E4FAFC7}.DebugLocal|Any CPU.ActiveCfg = Debug|Any CPU
		{516E072E-A971-47CC-A9FE-2F039E4FAFC7}.DebugLocal|Mixed Platforms.ActiveCfg = Debug|Any CPU
		{516E072E-A971-47CC-A9FE-2F039E4FAFC7}.DebugLocal|Mixed Platforms.Build.0 = Debug|Any CPU
		{516E072E-A971-47CC-A9FE-2F039E4FAFC7}.DebugLocal|x86.ActiveCfg = Debug|Any CPU
		{516E072E-A971-47CC-A9FE-2F039E4FAFC7}.Prod|Any CPU.ActiveCfg = Prod|Any CPU
		{516E072E-A971-47CC-A9FE-2F039E4FAFC7}.Prod|Any CPU.Build.0 = Prod|Any CPU
		{516E072E-A971-47CC-A9FE-2F039E4FAFC7}.Prod|Mixed Platforms.ActiveCfg = Prod|Any CPU
		{516E072E-A971-47CC-A9FE-2F039E4FAFC7}.Prod|Mixed Platforms.Build.0 = Prod|Any CPU
		{516E072E-A971-47CC-A9FE-2F039E4FAFC7}.Prod|x86.ActiveCfg = Prod|Any CPU
		{516E072E-A971-47CC-A9FE-2F039E4FAFC7}.Release|Any CPU.ActiveCfg = Release|Any CPU
		{516E072E-A971-47CC-A9FE-2F039E4FAFC7}.Release|Any CPU.Build.0 = Release|Any CPU
		{516E072E-A971-47CC-A9FE-2F039E4FAFC7}.Release|Mixed Platforms.ActiveCfg = Release|Any CPU
		{516E072E-A971-47CC-A9FE-2F039E4FAFC7}.Release|Mixed Platforms.Build.0 = Release|Any CPU
		{516E072E-A971-47CC-A9FE-2F039E4FAFC7}.Release|x86.ActiveCfg = Release|Any CPU
		{A6286877-2019-4C44-BC51-F5E062AFBD16}.Debug|Any CPU.ActiveCfg = Debug|Any CPU
		{A6286877-2019-4C44-BC51-F5E062AFBD16}.Debug|Any CPU.Build.0 = Debug|Any CPU
		{A6286877-2019-4C44-BC51-F5E062AFBD16}.Debug|Mixed Platforms.ActiveCfg = Debug|Any CPU
		{A6286877-2019-4C44-BC51-F5E062AFBD16}.Debug|Mixed Platforms.Build.0 = Debug|Any CPU
		{A6286877-2019-4C44-BC51-F5E062AFBD16}.Debug|x86.ActiveCfg = Debug|Any CPU
		{A6286877-2019-4C44-BC51-F5E062AFBD16}.DebugLocal|Any CPU.ActiveCfg = Debug|Any CPU
		{A6286877-2019-4C44-BC51-F5E062AFBD16}.DebugLocal|Mixed Platforms.ActiveCfg = Debug|Any CPU
		{A6286877-2019-4C44-BC51-F5E062AFBD16}.DebugLocal|Mixed Platforms.Build.0 = Debug|Any CPU
		{A6286877-2019-4C44-BC51-F5E062AFBD16}.DebugLocal|x86.ActiveCfg = Debug|Any CPU
		{A6286877-2019-4C44-BC51-F5E062AFBD16}.Prod|Any CPU.ActiveCfg = Prod|Any CPU
		{A6286877-2019-4C44-BC51-F5E062AFBD16}.Prod|Any CPU.Build.0 = Prod|Any CPU
		{A6286877-2019-4C44-BC51-F5E062AFBD16}.Prod|Mixed Platforms.ActiveCfg = Prod|Any CPU
		{A6286877-2019-4C44-BC51-F5E062AFBD16}.Prod|Mixed Platforms.Build.0 = Prod|Any CPU
		{A6286877-2019-4C44-BC51-F5E062AFBD16}.Prod|x86.ActiveCfg = Prod|Any CPU
		{A6286877-2019-4C44-BC51-F5E062AFBD16}.Release|Any CPU.ActiveCfg = Release|Any CPU
		{A6286877-2019-4C44-BC51-F5E062AFBD16}.Release|Any CPU.Build.0 = Release|Any CPU
		{A6286877-2019-4C44-BC51-F5E062AFBD16}.Release|Mixed Platforms.ActiveCfg = Release|Any CPU
		{A6286877-2019-4C44-BC51-F5E062AFBD16}.Release|Mixed Platforms.Build.0 = Release|Any CPU
		{A6286877-2019-4C44-BC51-F5E062AFBD16}.Release|x86.ActiveCfg = Release|Any CPU
		{DB176888-87DC-4CB6-BB14-2A3CE0523715}.Debug|Any CPU.ActiveCfg = Debug|Any CPU
		{DB176888-87DC-4CB6-BB14-2A3CE0523715}.Debug|Any CPU.Build.0 = Debug|Any CPU
		{DB176888-87DC-4CB6-BB14-2A3CE0523715}.Debug|Mixed Platforms.ActiveCfg = Debug|Any CPU
		{DB176888-87DC-4CB6-BB14-2A3CE0523715}.Debug|Mixed Platforms.Build.0 = Debug|Any CPU
		{DB176888-87DC-4CB6-BB14-2A3CE0523715}.Debug|x86.ActiveCfg = Debug|Any CPU
		{DB176888-87DC-4CB6-BB14-2A3CE0523715}.DebugLocal|Any CPU.ActiveCfg = Debug|Any CPU
		{DB176888-87DC-4CB6-BB14-2A3CE0523715}.DebugLocal|Mixed Platforms.ActiveCfg = Debug|Any CPU
		{DB176888-87DC-4CB6-BB14-2A3CE0523715}.DebugLocal|Mixed Platforms.Build.0 = Debug|Any CPU
		{DB176888-87DC-4CB6-BB14-2A3CE0523715}.DebugLocal|x86.ActiveCfg = Debug|Any CPU
		{DB176888-87DC-4CB6-BB14-2A3CE0523715}.Prod|Any CPU.ActiveCfg = Prod|Any CPU
		{DB176888-87DC-4CB6-BB14-2A3CE0523715}.Prod|Any CPU.Build.0 = Prod|Any CPU
		{DB176888-87DC-4CB6-BB14-2A3CE0523715}.Prod|Mixed Platforms.ActiveCfg = Prod|Any CPU
		{DB176888-87DC-4CB6-BB14-2A3CE0523715}.Prod|Mixed Platforms.Build.0 = Prod|Any CPU
		{DB176888-87DC-4CB6-BB14-2A3CE0523715}.Prod|x86.ActiveCfg = Prod|Any CPU
		{DB176888-87DC-4CB6-BB14-2A3CE0523715}.Release|Any CPU.ActiveCfg = Release|Any CPU
		{DB176888-87DC-4CB6-BB14-2A3CE0523715}.Release|Any CPU.Build.0 = Release|Any CPU
		{DB176888-87DC-4CB6-BB14-2A3CE0523715}.Release|Mixed Platforms.ActiveCfg = Release|Any CPU
		{DB176888-87DC-4CB6-BB14-2A3CE0523715}.Release|Mixed Platforms.Build.0 = Release|Any CPU
		{DB176888-87DC-4CB6-BB14-2A3CE0523715}.Release|x86.ActiveCfg = Release|Any CPU
		{96B6D5C7-7209-4E39-90A4-C2BAC46F5B10}.Debug|Any CPU.ActiveCfg = Debug|Any CPU
		{96B6D5C7-7209-4E39-90A4-C2BAC46F5B10}.Debug|Any CPU.Build.0 = Debug|Any CPU
		{96B6D5C7-7209-4E39-90A4-C2BAC46F5B10}.Debug|Mixed Platforms.ActiveCfg = Debug|Any CPU
		{96B6D5C7-7209-4E39-90A4-C2BAC46F5B10}.Debug|Mixed Platforms.Build.0 = Debug|Any CPU
		{96B6D5C7-7209-4E39-90A4-C2BAC46F5B10}.Debug|x86.ActiveCfg = Debug|Any CPU
		{96B6D5C7-7209-4E39-90A4-C2BAC46F5B10}.DebugLocal|Any CPU.ActiveCfg = Debug|Any CPU
		{96B6D5C7-7209-4E39-90A4-C2BAC46F5B10}.DebugLocal|Mixed Platforms.ActiveCfg = Debug|Any CPU
		{96B6D5C7-7209-4E39-90A4-C2BAC46F5B10}.DebugLocal|Mixed Platforms.Build.0 = Debug|Any CPU
		{96B6D5C7-7209-4E39-90A4-C2BAC46F5B10}.DebugLocal|x86.ActiveCfg = Debug|Any CPU
		{96B6D5C7-7209-4E39-90A4-C2BAC46F5B10}.Prod|Any CPU.ActiveCfg = Prod|Any CPU
		{96B6D5C7-7209-4E39-90A4-C2BAC46F5B10}.Prod|Any CPU.Build.0 = Prod|Any CPU
		{96B6D5C7-7209-4E39-90A4-C2BAC46F5B10}.Prod|Mixed Platforms.ActiveCfg = Prod|Any CPU
		{96B6D5C7-7209-4E39-90A4-C2BAC46F5B10}.Prod|Mixed Platforms.Build.0 = Prod|Any CPU
		{96B6D5C7-7209-4E39-90A4-C2BAC46F5B10}.Prod|x86.ActiveCfg = Prod|Any CPU
		{96B6D5C7-7209-4E39-90A4-C2BAC46F5B10}.Release|Any CPU.ActiveCfg = Release|Any CPU
		{96B6D5C7-7209-4E39-90A4-C2BAC46F5B10}.Release|Any CPU.Build.0 = Release|Any CPU
		{96B6D5C7-7209-4E39-90A4-C2BAC46F5B10}.Release|Mixed Platforms.ActiveCfg = Release|Any CPU
		{96B6D5C7-7209-4E39-90A4-C2BAC46F5B10}.Release|Mixed Platforms.Build.0 = Release|Any CPU
		{96B6D5C7-7209-4E39-90A4-C2BAC46F5B10}.Release|x86.ActiveCfg = Release|Any CPU
		{F4F14DFD-1ABB-4DC4-BA56-5130233F1FB8}.Debug|Any CPU.ActiveCfg = Debug|Any CPU
		{F4F14DFD-1ABB-4DC4-BA56-5130233F1FB8}.Debug|Any CPU.Build.0 = Debug|Any CPU
		{F4F14DFD-1ABB-4DC4-BA56-5130233F1FB8}.Debug|Mixed Platforms.ActiveCfg = Debug|Any CPU
		{F4F14DFD-1ABB-4DC4-BA56-5130233F1FB8}.Debug|Mixed Platforms.Build.0 = Debug|Any CPU
		{F4F14DFD-1ABB-4DC4-BA56-5130233F1FB8}.Debug|x86.ActiveCfg = Debug|Any CPU
		{F4F14DFD-1ABB-4DC4-BA56-5130233F1FB8}.DebugLocal|Any CPU.ActiveCfg = Debug|Any CPU
		{F4F14DFD-1ABB-4DC4-BA56-5130233F1FB8}.DebugLocal|Mixed Platforms.ActiveCfg = Debug|Any CPU
		{F4F14DFD-1ABB-4DC4-BA56-5130233F1FB8}.DebugLocal|Mixed Platforms.Build.0 = Debug|Any CPU
		{F4F14DFD-1ABB-4DC4-BA56-5130233F1FB8}.DebugLocal|x86.ActiveCfg = Debug|Any CPU
		{F4F14DFD-1ABB-4DC4-BA56-5130233F1FB8}.Prod|Any CPU.ActiveCfg = Prod|Any CPU
		{F4F14DFD-1ABB-4DC4-BA56-5130233F1FB8}.Prod|Any CPU.Build.0 = Prod|Any CPU
		{F4F14DFD-1ABB-4DC4-BA56-5130233F1FB8}.Prod|Mixed Platforms.ActiveCfg = Prod|Any CPU
		{F4F14DFD-1ABB-4DC4-BA56-5130233F1FB8}.Prod|Mixed Platforms.Build.0 = Prod|Any CPU
		{F4F14DFD-1ABB-4DC4-BA56-5130233F1FB8}.Prod|x86.ActiveCfg = Prod|Any CPU
		{F4F14DFD-1ABB-4DC4-BA56-5130233F1FB8}.Release|Any CPU.ActiveCfg = Release|Any CPU
		{F4F14DFD-1ABB-4DC4-BA56-5130233F1FB8}.Release|Any CPU.Build.0 = Release|Any CPU
		{F4F14DFD-1ABB-4DC4-BA56-5130233F1FB8}.Release|Mixed Platforms.ActiveCfg = Release|Any CPU
		{F4F14DFD-1ABB-4DC4-BA56-5130233F1FB8}.Release|Mixed Platforms.Build.0 = Release|Any CPU
		{F4F14DFD-1ABB-4DC4-BA56-5130233F1FB8}.Release|x86.ActiveCfg = Release|Any CPU
		{682B9BF3-0A18-4345-A8AF-2DCC659CF9C5}.Debug|Any CPU.ActiveCfg = Debug|Any CPU
		{682B9BF3-0A18-4345-A8AF-2DCC659CF9C5}.Debug|Any CPU.Build.0 = Debug|Any CPU
		{682B9BF3-0A18-4345-A8AF-2DCC659CF9C5}.Debug|Mixed Platforms.ActiveCfg = Debug|Any CPU
		{682B9BF3-0A18-4345-A8AF-2DCC659CF9C5}.Debug|Mixed Platforms.Build.0 = Debug|Any CPU
		{682B9BF3-0A18-4345-A8AF-2DCC659CF9C5}.Debug|x86.ActiveCfg = Debug|Any CPU
		{682B9BF3-0A18-4345-A8AF-2DCC659CF9C5}.DebugLocal|Any CPU.ActiveCfg = Debug|Any CPU
		{682B9BF3-0A18-4345-A8AF-2DCC659CF9C5}.DebugLocal|Any CPU.Build.0 = Debug|Any CPU
		{682B9BF3-0A18-4345-A8AF-2DCC659CF9C5}.DebugLocal|Mixed Platforms.ActiveCfg = Debug|Any CPU
		{682B9BF3-0A18-4345-A8AF-2DCC659CF9C5}.DebugLocal|Mixed Platforms.Build.0 = Debug|Any CPU
		{682B9BF3-0A18-4345-A8AF-2DCC659CF9C5}.DebugLocal|x86.ActiveCfg = Debug|Any CPU
		{682B9BF3-0A18-4345-A8AF-2DCC659CF9C5}.Prod|Any CPU.ActiveCfg = Prod|Any CPU
		{682B9BF3-0A18-4345-A8AF-2DCC659CF9C5}.Prod|Any CPU.Build.0 = Prod|Any CPU
		{682B9BF3-0A18-4345-A8AF-2DCC659CF9C5}.Prod|Mixed Platforms.ActiveCfg = Prod|Any CPU
		{682B9BF3-0A18-4345-A8AF-2DCC659CF9C5}.Prod|Mixed Platforms.Build.0 = Prod|Any CPU
		{682B9BF3-0A18-4345-A8AF-2DCC659CF9C5}.Prod|x86.ActiveCfg = Prod|Any CPU
		{682B9BF3-0A18-4345-A8AF-2DCC659CF9C5}.Release|Any CPU.ActiveCfg = Release|Any CPU
		{682B9BF3-0A18-4345-A8AF-2DCC659CF9C5}.Release|Any CPU.Build.0 = Release|Any CPU
		{682B9BF3-0A18-4345-A8AF-2DCC659CF9C5}.Release|Mixed Platforms.ActiveCfg = Release|Any CPU
		{682B9BF3-0A18-4345-A8AF-2DCC659CF9C5}.Release|Mixed Platforms.Build.0 = Release|Any CPU
		{682B9BF3-0A18-4345-A8AF-2DCC659CF9C5}.Release|x86.ActiveCfg = Release|Any CPU
		{278CD1CC-7D12-4E76-A077-FE462285B1DA}.Debug|Any CPU.ActiveCfg = Debug|Any CPU
		{278CD1CC-7D12-4E76-A077-FE462285B1DA}.Debug|Any CPU.Build.0 = Debug|Any CPU
		{278CD1CC-7D12-4E76-A077-FE462285B1DA}.Debug|Mixed Platforms.ActiveCfg = Debug|Any CPU
		{278CD1CC-7D12-4E76-A077-FE462285B1DA}.Debug|Mixed Platforms.Build.0 = Debug|Any CPU
		{278CD1CC-7D12-4E76-A077-FE462285B1DA}.Debug|x86.ActiveCfg = Debug|Any CPU
		{278CD1CC-7D12-4E76-A077-FE462285B1DA}.DebugLocal|Any CPU.ActiveCfg = Debug|Any CPU
		{278CD1CC-7D12-4E76-A077-FE462285B1DA}.DebugLocal|Any CPU.Build.0 = Debug|Any CPU
		{278CD1CC-7D12-4E76-A077-FE462285B1DA}.DebugLocal|Mixed Platforms.ActiveCfg = Debug|Any CPU
		{278CD1CC-7D12-4E76-A077-FE462285B1DA}.DebugLocal|Mixed Platforms.Build.0 = Debug|Any CPU
		{278CD1CC-7D12-4E76-A077-FE462285B1DA}.DebugLocal|x86.ActiveCfg = Debug|Any CPU
		{278CD1CC-7D12-4E76-A077-FE462285B1DA}.Prod|Any CPU.ActiveCfg = Prod|Any CPU
		{278CD1CC-7D12-4E76-A077-FE462285B1DA}.Prod|Any CPU.Build.0 = Prod|Any CPU
		{278CD1CC-7D12-4E76-A077-FE462285B1DA}.Prod|Mixed Platforms.ActiveCfg = Prod|Any CPU
		{278CD1CC-7D12-4E76-A077-FE462285B1DA}.Prod|Mixed Platforms.Build.0 = Prod|Any CPU
		{278CD1CC-7D12-4E76-A077-FE462285B1DA}.Prod|x86.ActiveCfg = Prod|Any CPU
		{278CD1CC-7D12-4E76-A077-FE462285B1DA}.Release|Any CPU.ActiveCfg = Release|Any CPU
		{278CD1CC-7D12-4E76-A077-FE462285B1DA}.Release|Any CPU.Build.0 = Release|Any CPU
		{278CD1CC-7D12-4E76-A077-FE462285B1DA}.Release|Mixed Platforms.ActiveCfg = Release|Any CPU
		{278CD1CC-7D12-4E76-A077-FE462285B1DA}.Release|Mixed Platforms.Build.0 = Release|Any CPU
		{278CD1CC-7D12-4E76-A077-FE462285B1DA}.Release|x86.ActiveCfg = Release|Any CPU
		{3C9E9BFF-435B-415C-9836-0C0F9C0FEDE7}.Debug|Any CPU.ActiveCfg = Debug|Any CPU
		{3C9E9BFF-435B-415C-9836-0C0F9C0FEDE7}.Debug|Any CPU.Build.0 = Debug|Any CPU
		{3C9E9BFF-435B-415C-9836-0C0F9C0FEDE7}.Debug|Mixed Platforms.ActiveCfg = Debug|Any CPU
		{3C9E9BFF-435B-415C-9836-0C0F9C0FEDE7}.Debug|Mixed Platforms.Build.0 = Debug|Any CPU
		{3C9E9BFF-435B-415C-9836-0C0F9C0FEDE7}.Debug|x86.ActiveCfg = Debug|Any CPU
		{3C9E9BFF-435B-415C-9836-0C0F9C0FEDE7}.DebugLocal|Any CPU.ActiveCfg = Debug|Any CPU
		{3C9E9BFF-435B-415C-9836-0C0F9C0FEDE7}.DebugLocal|Any CPU.Build.0 = Debug|Any CPU
		{3C9E9BFF-435B-415C-9836-0C0F9C0FEDE7}.DebugLocal|Mixed Platforms.ActiveCfg = Debug|Any CPU
		{3C9E9BFF-435B-415C-9836-0C0F9C0FEDE7}.DebugLocal|Mixed Platforms.Build.0 = Debug|Any CPU
		{3C9E9BFF-435B-415C-9836-0C0F9C0FEDE7}.DebugLocal|x86.ActiveCfg = Debug|Any CPU
		{3C9E9BFF-435B-415C-9836-0C0F9C0FEDE7}.Prod|Any CPU.ActiveCfg = Prod|Any CPU
		{3C9E9BFF-435B-415C-9836-0C0F9C0FEDE7}.Prod|Any CPU.Build.0 = Prod|Any CPU
		{3C9E9BFF-435B-415C-9836-0C0F9C0FEDE7}.Prod|Mixed Platforms.ActiveCfg = Prod|Any CPU
		{3C9E9BFF-435B-415C-9836-0C0F9C0FEDE7}.Prod|Mixed Platforms.Build.0 = Prod|Any CPU
		{3C9E9BFF-435B-415C-9836-0C0F9C0FEDE7}.Prod|x86.ActiveCfg = Prod|Any CPU
		{3C9E9BFF-435B-415C-9836-0C0F9C0FEDE7}.Release|Any CPU.ActiveCfg = Release|Any CPU
		{3C9E9BFF-435B-415C-9836-0C0F9C0FEDE7}.Release|Any CPU.Build.0 = Release|Any CPU
		{3C9E9BFF-435B-415C-9836-0C0F9C0FEDE7}.Release|Mixed Platforms.ActiveCfg = Release|Any CPU
		{3C9E9BFF-435B-415C-9836-0C0F9C0FEDE7}.Release|Mixed Platforms.Build.0 = Release|Any CPU
		{3C9E9BFF-435B-415C-9836-0C0F9C0FEDE7}.Release|x86.ActiveCfg = Release|Any CPU
		{680673AC-5102-4D2F-857F-0C1AF91675AF}.Debug|Any CPU.ActiveCfg = Debug|Any CPU
		{680673AC-5102-4D2F-857F-0C1AF91675AF}.Debug|Any CPU.Build.0 = Debug|Any CPU
		{680673AC-5102-4D2F-857F-0C1AF91675AF}.Debug|Mixed Platforms.ActiveCfg = Debug|Any CPU
		{680673AC-5102-4D2F-857F-0C1AF91675AF}.Debug|Mixed Platforms.Build.0 = Debug|Any CPU
		{680673AC-5102-4D2F-857F-0C1AF91675AF}.Debug|x86.ActiveCfg = Debug|Any CPU
		{680673AC-5102-4D2F-857F-0C1AF91675AF}.DebugLocal|Any CPU.ActiveCfg = Debug|Any CPU
		{680673AC-5102-4D2F-857F-0C1AF91675AF}.DebugLocal|Any CPU.Build.0 = Debug|Any CPU
		{680673AC-5102-4D2F-857F-0C1AF91675AF}.DebugLocal|Mixed Platforms.ActiveCfg = Debug|Any CPU
		{680673AC-5102-4D2F-857F-0C1AF91675AF}.DebugLocal|Mixed Platforms.Build.0 = Debug|Any CPU
		{680673AC-5102-4D2F-857F-0C1AF91675AF}.DebugLocal|x86.ActiveCfg = Debug|Any CPU
		{680673AC-5102-4D2F-857F-0C1AF91675AF}.Prod|Any CPU.ActiveCfg = Prod|Any CPU
		{680673AC-5102-4D2F-857F-0C1AF91675AF}.Prod|Any CPU.Build.0 = Prod|Any CPU
		{680673AC-5102-4D2F-857F-0C1AF91675AF}.Prod|Mixed Platforms.ActiveCfg = Prod|Any CPU
		{680673AC-5102-4D2F-857F-0C1AF91675AF}.Prod|Mixed Platforms.Build.0 = Prod|Any CPU
		{680673AC-5102-4D2F-857F-0C1AF91675AF}.Prod|x86.ActiveCfg = Prod|Any CPU
		{680673AC-5102-4D2F-857F-0C1AF91675AF}.Release|Any CPU.ActiveCfg = Release|Any CPU
		{680673AC-5102-4D2F-857F-0C1AF91675AF}.Release|Any CPU.Build.0 = Release|Any CPU
		{680673AC-5102-4D2F-857F-0C1AF91675AF}.Release|Mixed Platforms.ActiveCfg = Release|Any CPU
		{680673AC-5102-4D2F-857F-0C1AF91675AF}.Release|Mixed Platforms.Build.0 = Release|Any CPU
		{680673AC-5102-4D2F-857F-0C1AF91675AF}.Release|x86.ActiveCfg = Release|Any CPU
		{A5D3E796-D746-4A13-9502-28E851DD9804}.Debug|Any CPU.ActiveCfg = Debug|Any CPU
		{A5D3E796-D746-4A13-9502-28E851DD9804}.Debug|Any CPU.Build.0 = Debug|Any CPU
		{A5D3E796-D746-4A13-9502-28E851DD9804}.Debug|Mixed Platforms.ActiveCfg = Debug|Any CPU
		{A5D3E796-D746-4A13-9502-28E851DD9804}.Debug|Mixed Platforms.Build.0 = Debug|Any CPU
		{A5D3E796-D746-4A13-9502-28E851DD9804}.Debug|x86.ActiveCfg = Debug|Any CPU
		{A5D3E796-D746-4A13-9502-28E851DD9804}.DebugLocal|Any CPU.ActiveCfg = Debug|Any CPU
		{A5D3E796-D746-4A13-9502-28E851DD9804}.DebugLocal|Any CPU.Build.0 = Debug|Any CPU
		{A5D3E796-D746-4A13-9502-28E851DD9804}.DebugLocal|Mixed Platforms.ActiveCfg = Debug|Any CPU
		{A5D3E796-D746-4A13-9502-28E851DD9804}.DebugLocal|Mixed Platforms.Build.0 = Debug|Any CPU
		{A5D3E796-D746-4A13-9502-28E851DD9804}.DebugLocal|x86.ActiveCfg = Debug|Any CPU
		{A5D3E796-D746-4A13-9502-28E851DD9804}.Prod|Any CPU.ActiveCfg = Prod|Any CPU
		{A5D3E796-D746-4A13-9502-28E851DD9804}.Prod|Any CPU.Build.0 = Prod|Any CPU
		{A5D3E796-D746-4A13-9502-28E851DD9804}.Prod|Mixed Platforms.ActiveCfg = Prod|Any CPU
		{A5D3E796-D746-4A13-9502-28E851DD9804}.Prod|Mixed Platforms.Build.0 = Prod|Any CPU
		{A5D3E796-D746-4A13-9502-28E851DD9804}.Prod|x86.ActiveCfg = Prod|Any CPU
		{A5D3E796-D746-4A13-9502-28E851DD9804}.Release|Any CPU.ActiveCfg = Release|Any CPU
		{A5D3E796-D746-4A13-9502-28E851DD9804}.Release|Any CPU.Build.0 = Release|Any CPU
		{A5D3E796-D746-4A13-9502-28E851DD9804}.Release|Mixed Platforms.ActiveCfg = Release|Any CPU
		{A5D3E796-D746-4A13-9502-28E851DD9804}.Release|Mixed Platforms.Build.0 = Release|Any CPU
		{A5D3E796-D746-4A13-9502-28E851DD9804}.Release|x86.ActiveCfg = Release|Any CPU
		{FE5CFDE8-FAFE-469A-A9DF-E5A43280F41F}.Debug|Any CPU.ActiveCfg = Debug|Any CPU
		{FE5CFDE8-FAFE-469A-A9DF-E5A43280F41F}.Debug|Any CPU.Build.0 = Debug|Any CPU
		{FE5CFDE8-FAFE-469A-A9DF-E5A43280F41F}.Debug|Mixed Platforms.ActiveCfg = Debug|Any CPU
		{FE5CFDE8-FAFE-469A-A9DF-E5A43280F41F}.Debug|Mixed Platforms.Build.0 = Debug|Any CPU
		{FE5CFDE8-FAFE-469A-A9DF-E5A43280F41F}.Debug|x86.ActiveCfg = Debug|Any CPU
		{FE5CFDE8-FAFE-469A-A9DF-E5A43280F41F}.DebugLocal|Any CPU.ActiveCfg = Debug|Any CPU
		{FE5CFDE8-FAFE-469A-A9DF-E5A43280F41F}.DebugLocal|Any CPU.Build.0 = Debug|Any CPU
		{FE5CFDE8-FAFE-469A-A9DF-E5A43280F41F}.DebugLocal|Mixed Platforms.ActiveCfg = Debug|Any CPU
		{FE5CFDE8-FAFE-469A-A9DF-E5A43280F41F}.DebugLocal|Mixed Platforms.Build.0 = Debug|Any CPU
		{FE5CFDE8-FAFE-469A-A9DF-E5A43280F41F}.DebugLocal|x86.ActiveCfg = Debug|Any CPU
		{FE5CFDE8-FAFE-469A-A9DF-E5A43280F41F}.Prod|Any CPU.ActiveCfg = Prod|Any CPU
		{FE5CFDE8-FAFE-469A-A9DF-E5A43280F41F}.Prod|Any CPU.Build.0 = Prod|Any CPU
		{FE5CFDE8-FAFE-469A-A9DF-E5A43280F41F}.Prod|Mixed Platforms.ActiveCfg = Prod|Any CPU
		{FE5CFDE8-FAFE-469A-A9DF-E5A43280F41F}.Prod|Mixed Platforms.Build.0 = Prod|Any CPU
		{FE5CFDE8-FAFE-469A-A9DF-E5A43280F41F}.Prod|x86.ActiveCfg = Prod|Any CPU
		{FE5CFDE8-FAFE-469A-A9DF-E5A43280F41F}.Release|Any CPU.ActiveCfg = Release|Any CPU
		{FE5CFDE8-FAFE-469A-A9DF-E5A43280F41F}.Release|Any CPU.Build.0 = Release|Any CPU
		{FE5CFDE8-FAFE-469A-A9DF-E5A43280F41F}.Release|Mixed Platforms.ActiveCfg = Release|Any CPU
		{FE5CFDE8-FAFE-469A-A9DF-E5A43280F41F}.Release|Mixed Platforms.Build.0 = Release|Any CPU
		{FE5CFDE8-FAFE-469A-A9DF-E5A43280F41F}.Release|x86.ActiveCfg = Release|Any CPU
		{D3C06AA4-E61F-475F-AD75-D13B4B17567E}.Debug|Any CPU.ActiveCfg = Debug|Any CPU
		{D3C06AA4-E61F-475F-AD75-D13B4B17567E}.Debug|Any CPU.Build.0 = Debug|Any CPU
		{D3C06AA4-E61F-475F-AD75-D13B4B17567E}.Debug|Mixed Platforms.ActiveCfg = Debug|Any CPU
		{D3C06AA4-E61F-475F-AD75-D13B4B17567E}.Debug|Mixed Platforms.Build.0 = Debug|Any CPU
		{D3C06AA4-E61F-475F-AD75-D13B4B17567E}.Debug|x86.ActiveCfg = Debug|Any CPU
		{D3C06AA4-E61F-475F-AD75-D13B4B17567E}.DebugLocal|Any CPU.ActiveCfg = Debug|Any CPU
		{D3C06AA4-E61F-475F-AD75-D13B4B17567E}.DebugLocal|Any CPU.Build.0 = Debug|Any CPU
		{D3C06AA4-E61F-475F-AD75-D13B4B17567E}.DebugLocal|Mixed Platforms.ActiveCfg = Debug|Any CPU
		{D3C06AA4-E61F-475F-AD75-D13B4B17567E}.DebugLocal|Mixed Platforms.Build.0 = Debug|Any CPU
		{D3C06AA4-E61F-475F-AD75-D13B4B17567E}.DebugLocal|x86.ActiveCfg = Debug|Any CPU
		{D3C06AA4-E61F-475F-AD75-D13B4B17567E}.Prod|Any CPU.ActiveCfg = Prod|Any CPU
		{D3C06AA4-E61F-475F-AD75-D13B4B17567E}.Prod|Any CPU.Build.0 = Prod|Any CPU
		{D3C06AA4-E61F-475F-AD75-D13B4B17567E}.Prod|Mixed Platforms.ActiveCfg = Prod|Any CPU
		{D3C06AA4-E61F-475F-AD75-D13B4B17567E}.Prod|Mixed Platforms.Build.0 = Prod|Any CPU
		{D3C06AA4-E61F-475F-AD75-D13B4B17567E}.Prod|x86.ActiveCfg = Prod|Any CPU
		{D3C06AA4-E61F-475F-AD75-D13B4B17567E}.Release|Any CPU.ActiveCfg = Release|Any CPU
		{D3C06AA4-E61F-475F-AD75-D13B4B17567E}.Release|Any CPU.Build.0 = Release|Any CPU
		{D3C06AA4-E61F-475F-AD75-D13B4B17567E}.Release|Mixed Platforms.ActiveCfg = Release|Any CPU
		{D3C06AA4-E61F-475F-AD75-D13B4B17567E}.Release|Mixed Platforms.Build.0 = Release|Any CPU
		{D3C06AA4-E61F-475F-AD75-D13B4B17567E}.Release|x86.ActiveCfg = Release|Any CPU
		{ED2AE259-843C-4F22-8F6B-22269A46CE88}.Debug|Any CPU.ActiveCfg = Debug|Any CPU
		{ED2AE259-843C-4F22-8F6B-22269A46CE88}.Debug|Any CPU.Build.0 = Debug|Any CPU
		{ED2AE259-843C-4F22-8F6B-22269A46CE88}.Debug|Mixed Platforms.ActiveCfg = Debug|Any CPU
		{ED2AE259-843C-4F22-8F6B-22269A46CE88}.Debug|Mixed Platforms.Build.0 = Debug|Any CPU
		{ED2AE259-843C-4F22-8F6B-22269A46CE88}.Debug|x86.ActiveCfg = Debug|Any CPU
		{ED2AE259-843C-4F22-8F6B-22269A46CE88}.DebugLocal|Any CPU.ActiveCfg = Debug|Any CPU
		{ED2AE259-843C-4F22-8F6B-22269A46CE88}.DebugLocal|Any CPU.Build.0 = Debug|Any CPU
		{ED2AE259-843C-4F22-8F6B-22269A46CE88}.DebugLocal|Mixed Platforms.ActiveCfg = Debug|Any CPU
		{ED2AE259-843C-4F22-8F6B-22269A46CE88}.DebugLocal|Mixed Platforms.Build.0 = Debug|Any CPU
		{ED2AE259-843C-4F22-8F6B-22269A46CE88}.DebugLocal|x86.ActiveCfg = Debug|Any CPU
		{ED2AE259-843C-4F22-8F6B-22269A46CE88}.Prod|Any CPU.ActiveCfg = Prod|Any CPU
		{ED2AE259-843C-4F22-8F6B-22269A46CE88}.Prod|Any CPU.Build.0 = Prod|Any CPU
		{ED2AE259-843C-4F22-8F6B-22269A46CE88}.Prod|Mixed Platforms.ActiveCfg = Prod|Any CPU
		{ED2AE259-843C-4F22-8F6B-22269A46CE88}.Prod|Mixed Platforms.Build.0 = Prod|Any CPU
		{ED2AE259-843C-4F22-8F6B-22269A46CE88}.Prod|x86.ActiveCfg = Prod|Any CPU
		{ED2AE259-843C-4F22-8F6B-22269A46CE88}.Release|Any CPU.ActiveCfg = Release|Any CPU
		{ED2AE259-843C-4F22-8F6B-22269A46CE88}.Release|Any CPU.Build.0 = Release|Any CPU
		{ED2AE259-843C-4F22-8F6B-22269A46CE88}.Release|Mixed Platforms.ActiveCfg = Release|Any CPU
		{ED2AE259-843C-4F22-8F6B-22269A46CE88}.Release|Mixed Platforms.Build.0 = Release|Any CPU
		{ED2AE259-843C-4F22-8F6B-22269A46CE88}.Release|x86.ActiveCfg = Release|Any CPU
		{39B25FD2-C1CC-4A56-9A32-6AA2A956D2D4}.Debug|Any CPU.ActiveCfg = Debug|Any CPU
		{39B25FD2-C1CC-4A56-9A32-6AA2A956D2D4}.Debug|Any CPU.Build.0 = Debug|Any CPU
		{39B25FD2-C1CC-4A56-9A32-6AA2A956D2D4}.Debug|Mixed Platforms.ActiveCfg = Debug|Any CPU
		{39B25FD2-C1CC-4A56-9A32-6AA2A956D2D4}.Debug|Mixed Platforms.Build.0 = Debug|Any CPU
		{39B25FD2-C1CC-4A56-9A32-6AA2A956D2D4}.Debug|x86.ActiveCfg = Debug|Any CPU
		{39B25FD2-C1CC-4A56-9A32-6AA2A956D2D4}.DebugLocal|Any CPU.ActiveCfg = Debug|Any CPU
		{39B25FD2-C1CC-4A56-9A32-6AA2A956D2D4}.DebugLocal|Any CPU.Build.0 = Debug|Any CPU
		{39B25FD2-C1CC-4A56-9A32-6AA2A956D2D4}.DebugLocal|Mixed Platforms.ActiveCfg = Debug|Any CPU
		{39B25FD2-C1CC-4A56-9A32-6AA2A956D2D4}.DebugLocal|Mixed Platforms.Build.0 = Debug|Any CPU
		{39B25FD2-C1CC-4A56-9A32-6AA2A956D2D4}.DebugLocal|x86.ActiveCfg = Debug|Any CPU
		{39B25FD2-C1CC-4A56-9A32-6AA2A956D2D4}.Prod|Any CPU.ActiveCfg = Prod|Any CPU
		{39B25FD2-C1CC-4A56-9A32-6AA2A956D2D4}.Prod|Any CPU.Build.0 = Prod|Any CPU
		{39B25FD2-C1CC-4A56-9A32-6AA2A956D2D4}.Prod|Mixed Platforms.ActiveCfg = Prod|Any CPU
		{39B25FD2-C1CC-4A56-9A32-6AA2A956D2D4}.Prod|Mixed Platforms.Build.0 = Prod|Any CPU
		{39B25FD2-C1CC-4A56-9A32-6AA2A956D2D4}.Prod|x86.ActiveCfg = Prod|Any CPU
		{39B25FD2-C1CC-4A56-9A32-6AA2A956D2D4}.Release|Any CPU.ActiveCfg = Release|Any CPU
		{39B25FD2-C1CC-4A56-9A32-6AA2A956D2D4}.Release|Any CPU.Build.0 = Release|Any CPU
		{39B25FD2-C1CC-4A56-9A32-6AA2A956D2D4}.Release|Mixed Platforms.ActiveCfg = Release|Any CPU
		{39B25FD2-C1CC-4A56-9A32-6AA2A956D2D4}.Release|Mixed Platforms.Build.0 = Release|Any CPU
		{39B25FD2-C1CC-4A56-9A32-6AA2A956D2D4}.Release|x86.ActiveCfg = Release|Any CPU
		{3127649E-449A-4568-8E60-3ED4DB9175D9}.Debug|Any CPU.ActiveCfg = Debug|Any CPU
		{3127649E-449A-4568-8E60-3ED4DB9175D9}.Debug|Any CPU.Build.0 = Debug|Any CPU
		{3127649E-449A-4568-8E60-3ED4DB9175D9}.Debug|Mixed Platforms.ActiveCfg = Debug|Any CPU
		{3127649E-449A-4568-8E60-3ED4DB9175D9}.Debug|Mixed Platforms.Build.0 = Debug|Any CPU
		{3127649E-449A-4568-8E60-3ED4DB9175D9}.Debug|x86.ActiveCfg = Debug|Any CPU
		{3127649E-449A-4568-8E60-3ED4DB9175D9}.DebugLocal|Any CPU.ActiveCfg = Debug|Any CPU
		{3127649E-449A-4568-8E60-3ED4DB9175D9}.DebugLocal|Any CPU.Build.0 = Debug|Any CPU
		{3127649E-449A-4568-8E60-3ED4DB9175D9}.DebugLocal|Mixed Platforms.ActiveCfg = Debug|Any CPU
		{3127649E-449A-4568-8E60-3ED4DB9175D9}.DebugLocal|Mixed Platforms.Build.0 = Debug|Any CPU
		{3127649E-449A-4568-8E60-3ED4DB9175D9}.DebugLocal|x86.ActiveCfg = Debug|Any CPU
		{3127649E-449A-4568-8E60-3ED4DB9175D9}.Prod|Any CPU.ActiveCfg = Prod|Any CPU
		{3127649E-449A-4568-8E60-3ED4DB9175D9}.Prod|Any CPU.Build.0 = Prod|Any CPU
		{3127649E-449A-4568-8E60-3ED4DB9175D9}.Prod|Mixed Platforms.ActiveCfg = Prod|Any CPU
		{3127649E-449A-4568-8E60-3ED4DB9175D9}.Prod|Mixed Platforms.Build.0 = Prod|Any CPU
		{3127649E-449A-4568-8E60-3ED4DB9175D9}.Prod|x86.ActiveCfg = Prod|Any CPU
		{3127649E-449A-4568-8E60-3ED4DB9175D9}.Release|Any CPU.ActiveCfg = Release|Any CPU
		{3127649E-449A-4568-8E60-3ED4DB9175D9}.Release|Any CPU.Build.0 = Release|Any CPU
		{3127649E-449A-4568-8E60-3ED4DB9175D9}.Release|Mixed Platforms.ActiveCfg = Release|Any CPU
		{3127649E-449A-4568-8E60-3ED4DB9175D9}.Release|Mixed Platforms.Build.0 = Release|Any CPU
		{3127649E-449A-4568-8E60-3ED4DB9175D9}.Release|x86.ActiveCfg = Release|Any CPU
		{9967EAEC-7CA8-47B7-892C-00DE5AB7680A}.Debug|Any CPU.ActiveCfg = Debug|Any CPU
		{9967EAEC-7CA8-47B7-892C-00DE5AB7680A}.Debug|Any CPU.Build.0 = Debug|Any CPU
		{9967EAEC-7CA8-47B7-892C-00DE5AB7680A}.Debug|Mixed Platforms.ActiveCfg = Debug|Any CPU
		{9967EAEC-7CA8-47B7-892C-00DE5AB7680A}.Debug|Mixed Platforms.Build.0 = Debug|Any CPU
		{9967EAEC-7CA8-47B7-892C-00DE5AB7680A}.Debug|x86.ActiveCfg = Debug|Any CPU
		{9967EAEC-7CA8-47B7-892C-00DE5AB7680A}.DebugLocal|Any CPU.ActiveCfg = Debug|Any CPU
		{9967EAEC-7CA8-47B7-892C-00DE5AB7680A}.DebugLocal|Any CPU.Build.0 = Debug|Any CPU
		{9967EAEC-7CA8-47B7-892C-00DE5AB7680A}.DebugLocal|Mixed Platforms.ActiveCfg = Debug|Any CPU
		{9967EAEC-7CA8-47B7-892C-00DE5AB7680A}.DebugLocal|Mixed Platforms.Build.0 = Debug|Any CPU
		{9967EAEC-7CA8-47B7-892C-00DE5AB7680A}.DebugLocal|x86.ActiveCfg = Debug|Any CPU
		{9967EAEC-7CA8-47B7-892C-00DE5AB7680A}.Prod|Any CPU.ActiveCfg = Prod|Any CPU
		{9967EAEC-7CA8-47B7-892C-00DE5AB7680A}.Prod|Any CPU.Build.0 = Prod|Any CPU
		{9967EAEC-7CA8-47B7-892C-00DE5AB7680A}.Prod|Mixed Platforms.ActiveCfg = Prod|Any CPU
		{9967EAEC-7CA8-47B7-892C-00DE5AB7680A}.Prod|Mixed Platforms.Build.0 = Prod|Any CPU
		{9967EAEC-7CA8-47B7-892C-00DE5AB7680A}.Prod|x86.ActiveCfg = Prod|Any CPU
		{9967EAEC-7CA8-47B7-892C-00DE5AB7680A}.Release|Any CPU.ActiveCfg = Release|Any CPU
		{9967EAEC-7CA8-47B7-892C-00DE5AB7680A}.Release|Any CPU.Build.0 = Release|Any CPU
		{9967EAEC-7CA8-47B7-892C-00DE5AB7680A}.Release|Mixed Platforms.ActiveCfg = Release|Any CPU
		{9967EAEC-7CA8-47B7-892C-00DE5AB7680A}.Release|Mixed Platforms.Build.0 = Release|Any CPU
		{9967EAEC-7CA8-47B7-892C-00DE5AB7680A}.Release|x86.ActiveCfg = Release|Any CPU
		{586A1829-254E-4669-8400-2B6E67C326E9}.Debug|Any CPU.ActiveCfg = Debug|Any CPU
		{586A1829-254E-4669-8400-2B6E67C326E9}.Debug|Any CPU.Build.0 = Debug|Any CPU
		{586A1829-254E-4669-8400-2B6E67C326E9}.Debug|Mixed Platforms.ActiveCfg = Debug|Any CPU
		{586A1829-254E-4669-8400-2B6E67C326E9}.Debug|Mixed Platforms.Build.0 = Debug|Any CPU
		{586A1829-254E-4669-8400-2B6E67C326E9}.Debug|x86.ActiveCfg = Debug|Any CPU
		{586A1829-254E-4669-8400-2B6E67C326E9}.DebugLocal|Any CPU.ActiveCfg = Debug|Any CPU
		{586A1829-254E-4669-8400-2B6E67C326E9}.DebugLocal|Any CPU.Build.0 = Debug|Any CPU
		{586A1829-254E-4669-8400-2B6E67C326E9}.DebugLocal|Mixed Platforms.ActiveCfg = Debug|Any CPU
		{586A1829-254E-4669-8400-2B6E67C326E9}.DebugLocal|Mixed Platforms.Build.0 = Debug|Any CPU
		{586A1829-254E-4669-8400-2B6E67C326E9}.DebugLocal|x86.ActiveCfg = Debug|Any CPU
		{586A1829-254E-4669-8400-2B6E67C326E9}.Prod|Any CPU.ActiveCfg = Prod|Any CPU
		{586A1829-254E-4669-8400-2B6E67C326E9}.Prod|Any CPU.Build.0 = Prod|Any CPU
		{586A1829-254E-4669-8400-2B6E67C326E9}.Prod|Mixed Platforms.ActiveCfg = Prod|Any CPU
		{586A1829-254E-4669-8400-2B6E67C326E9}.Prod|Mixed Platforms.Build.0 = Prod|Any CPU
		{586A1829-254E-4669-8400-2B6E67C326E9}.Prod|x86.ActiveCfg = Prod|Any CPU
		{586A1829-254E-4669-8400-2B6E67C326E9}.Release|Any CPU.ActiveCfg = Release|Any CPU
		{586A1829-254E-4669-8400-2B6E67C326E9}.Release|Any CPU.Build.0 = Release|Any CPU
		{586A1829-254E-4669-8400-2B6E67C326E9}.Release|Mixed Platforms.ActiveCfg = Release|Any CPU
		{586A1829-254E-4669-8400-2B6E67C326E9}.Release|Mixed Platforms.Build.0 = Release|Any CPU
		{586A1829-254E-4669-8400-2B6E67C326E9}.Release|x86.ActiveCfg = Release|Any CPU
		{0695C22E-E26A-40D8-BCF8-15677AAD6D18}.Debug|Any CPU.ActiveCfg = Debug|Any CPU
		{0695C22E-E26A-40D8-BCF8-15677AAD6D18}.Debug|Any CPU.Build.0 = Debug|Any CPU
		{0695C22E-E26A-40D8-BCF8-15677AAD6D18}.Debug|Mixed Platforms.ActiveCfg = Debug|Any CPU
		{0695C22E-E26A-40D8-BCF8-15677AAD6D18}.Debug|Mixed Platforms.Build.0 = Debug|Any CPU
		{0695C22E-E26A-40D8-BCF8-15677AAD6D18}.Debug|x86.ActiveCfg = Debug|Any CPU
		{0695C22E-E26A-40D8-BCF8-15677AAD6D18}.DebugLocal|Any CPU.ActiveCfg = Debug|Any CPU
		{0695C22E-E26A-40D8-BCF8-15677AAD6D18}.DebugLocal|Any CPU.Build.0 = Debug|Any CPU
		{0695C22E-E26A-40D8-BCF8-15677AAD6D18}.DebugLocal|Mixed Platforms.ActiveCfg = Debug|Any CPU
		{0695C22E-E26A-40D8-BCF8-15677AAD6D18}.DebugLocal|Mixed Platforms.Build.0 = Debug|Any CPU
		{0695C22E-E26A-40D8-BCF8-15677AAD6D18}.DebugLocal|x86.ActiveCfg = Debug|Any CPU
		{0695C22E-E26A-40D8-BCF8-15677AAD6D18}.Prod|Any CPU.ActiveCfg = Prod|Any CPU
		{0695C22E-E26A-40D8-BCF8-15677AAD6D18}.Prod|Any CPU.Build.0 = Prod|Any CPU
		{0695C22E-E26A-40D8-BCF8-15677AAD6D18}.Prod|Mixed Platforms.ActiveCfg = Prod|Any CPU
		{0695C22E-E26A-40D8-BCF8-15677AAD6D18}.Prod|Mixed Platforms.Build.0 = Prod|Any CPU
		{0695C22E-E26A-40D8-BCF8-15677AAD6D18}.Prod|x86.ActiveCfg = Prod|Any CPU
		{0695C22E-E26A-40D8-BCF8-15677AAD6D18}.Release|Any CPU.ActiveCfg = Release|Any CPU
		{0695C22E-E26A-40D8-BCF8-15677AAD6D18}.Release|Any CPU.Build.0 = Release|Any CPU
		{0695C22E-E26A-40D8-BCF8-15677AAD6D18}.Release|Mixed Platforms.ActiveCfg = Release|Any CPU
		{0695C22E-E26A-40D8-BCF8-15677AAD6D18}.Release|Mixed Platforms.Build.0 = Release|Any CPU
		{0695C22E-E26A-40D8-BCF8-15677AAD6D18}.Release|x86.ActiveCfg = Release|Any CPU
		{4B642853-5919-434D-9132-616C46940D01}.Debug|Any CPU.ActiveCfg = Debug|Any CPU
		{4B642853-5919-434D-9132-616C46940D01}.Debug|Any CPU.Build.0 = Debug|Any CPU
		{4B642853-5919-434D-9132-616C46940D01}.Debug|Mixed Platforms.ActiveCfg = Debug|Any CPU
		{4B642853-5919-434D-9132-616C46940D01}.Debug|Mixed Platforms.Build.0 = Debug|Any CPU
		{4B642853-5919-434D-9132-616C46940D01}.Debug|x86.ActiveCfg = Debug|Any CPU
		{4B642853-5919-434D-9132-616C46940D01}.DebugLocal|Any CPU.ActiveCfg = Debug|Any CPU
		{4B642853-5919-434D-9132-616C46940D01}.DebugLocal|Any CPU.Build.0 = Debug|Any CPU
		{4B642853-5919-434D-9132-616C46940D01}.DebugLocal|Mixed Platforms.ActiveCfg = Debug|Any CPU
		{4B642853-5919-434D-9132-616C46940D01}.DebugLocal|Mixed Platforms.Build.0 = Debug|Any CPU
		{4B642853-5919-434D-9132-616C46940D01}.DebugLocal|x86.ActiveCfg = Debug|Any CPU
		{4B642853-5919-434D-9132-616C46940D01}.Prod|Any CPU.ActiveCfg = Prod|Any CPU
		{4B642853-5919-434D-9132-616C46940D01}.Prod|Any CPU.Build.0 = Prod|Any CPU
		{4B642853-5919-434D-9132-616C46940D01}.Prod|Mixed Platforms.ActiveCfg = Prod|Any CPU
		{4B642853-5919-434D-9132-616C46940D01}.Prod|Mixed Platforms.Build.0 = Prod|Any CPU
		{4B642853-5919-434D-9132-616C46940D01}.Prod|x86.ActiveCfg = Prod|Any CPU
		{4B642853-5919-434D-9132-616C46940D01}.Release|Any CPU.ActiveCfg = Release|Any CPU
		{4B642853-5919-434D-9132-616C46940D01}.Release|Any CPU.Build.0 = Release|Any CPU
		{4B642853-5919-434D-9132-616C46940D01}.Release|Mixed Platforms.ActiveCfg = Release|Any CPU
		{4B642853-5919-434D-9132-616C46940D01}.Release|Mixed Platforms.Build.0 = Release|Any CPU
		{4B642853-5919-434D-9132-616C46940D01}.Release|x86.ActiveCfg = Release|Any CPU
		{D1C8C7A6-8CB0-4B95-BF5E-E85945B14697}.Debug|Any CPU.ActiveCfg = Debug|Any CPU
		{D1C8C7A6-8CB0-4B95-BF5E-E85945B14697}.Debug|Any CPU.Build.0 = Debug|Any CPU
		{D1C8C7A6-8CB0-4B95-BF5E-E85945B14697}.Debug|Mixed Platforms.ActiveCfg = Debug|Any CPU
		{D1C8C7A6-8CB0-4B95-BF5E-E85945B14697}.Debug|Mixed Platforms.Build.0 = Debug|Any CPU
		{D1C8C7A6-8CB0-4B95-BF5E-E85945B14697}.Debug|x86.ActiveCfg = Debug|Any CPU
		{D1C8C7A6-8CB0-4B95-BF5E-E85945B14697}.DebugLocal|Any CPU.ActiveCfg = Debug|Any CPU
		{D1C8C7A6-8CB0-4B95-BF5E-E85945B14697}.DebugLocal|Any CPU.Build.0 = Debug|Any CPU
		{D1C8C7A6-8CB0-4B95-BF5E-E85945B14697}.DebugLocal|Mixed Platforms.ActiveCfg = Debug|Any CPU
		{D1C8C7A6-8CB0-4B95-BF5E-E85945B14697}.DebugLocal|Mixed Platforms.Build.0 = Debug|Any CPU
		{D1C8C7A6-8CB0-4B95-BF5E-E85945B14697}.DebugLocal|x86.ActiveCfg = Debug|Any CPU
		{D1C8C7A6-8CB0-4B95-BF5E-E85945B14697}.Prod|Any CPU.ActiveCfg = Prod|Any CPU
		{D1C8C7A6-8CB0-4B95-BF5E-E85945B14697}.Prod|Any CPU.Build.0 = Prod|Any CPU
		{D1C8C7A6-8CB0-4B95-BF5E-E85945B14697}.Prod|Mixed Platforms.ActiveCfg = Prod|Any CPU
		{D1C8C7A6-8CB0-4B95-BF5E-E85945B14697}.Prod|Mixed Platforms.Build.0 = Prod|Any CPU
		{D1C8C7A6-8CB0-4B95-BF5E-E85945B14697}.Prod|x86.ActiveCfg = Prod|Any CPU
		{D1C8C7A6-8CB0-4B95-BF5E-E85945B14697}.Release|Any CPU.ActiveCfg = Release|Any CPU
		{D1C8C7A6-8CB0-4B95-BF5E-E85945B14697}.Release|Any CPU.Build.0 = Release|Any CPU
		{D1C8C7A6-8CB0-4B95-BF5E-E85945B14697}.Release|Mixed Platforms.ActiveCfg = Release|Any CPU
		{D1C8C7A6-8CB0-4B95-BF5E-E85945B14697}.Release|Mixed Platforms.Build.0 = Release|Any CPU
		{D1C8C7A6-8CB0-4B95-BF5E-E85945B14697}.Release|x86.ActiveCfg = Release|Any CPU
		{26D48BBB-4B71-4CA4-B1BE-8D8C7DE14FB8}.Debug|Any CPU.ActiveCfg = Debug|Any CPU
		{26D48BBB-4B71-4CA4-B1BE-8D8C7DE14FB8}.Debug|Any CPU.Build.0 = Debug|Any CPU
		{26D48BBB-4B71-4CA4-B1BE-8D8C7DE14FB8}.Debug|Mixed Platforms.ActiveCfg = Debug|Any CPU
		{26D48BBB-4B71-4CA4-B1BE-8D8C7DE14FB8}.Debug|Mixed Platforms.Build.0 = Debug|Any CPU
		{26D48BBB-4B71-4CA4-B1BE-8D8C7DE14FB8}.Debug|x86.ActiveCfg = Debug|Any CPU
		{26D48BBB-4B71-4CA4-B1BE-8D8C7DE14FB8}.DebugLocal|Any CPU.ActiveCfg = Debug|Any CPU
		{26D48BBB-4B71-4CA4-B1BE-8D8C7DE14FB8}.DebugLocal|Any CPU.Build.0 = Debug|Any CPU
		{26D48BBB-4B71-4CA4-B1BE-8D8C7DE14FB8}.DebugLocal|Mixed Platforms.ActiveCfg = Debug|Any CPU
		{26D48BBB-4B71-4CA4-B1BE-8D8C7DE14FB8}.DebugLocal|Mixed Platforms.Build.0 = Debug|Any CPU
		{26D48BBB-4B71-4CA4-B1BE-8D8C7DE14FB8}.DebugLocal|x86.ActiveCfg = Debug|Any CPU
		{26D48BBB-4B71-4CA4-B1BE-8D8C7DE14FB8}.Prod|Any CPU.ActiveCfg = Prod|Any CPU
		{26D48BBB-4B71-4CA4-B1BE-8D8C7DE14FB8}.Prod|Any CPU.Build.0 = Prod|Any CPU
		{26D48BBB-4B71-4CA4-B1BE-8D8C7DE14FB8}.Prod|Mixed Platforms.ActiveCfg = Prod|Any CPU
		{26D48BBB-4B71-4CA4-B1BE-8D8C7DE14FB8}.Prod|Mixed Platforms.Build.0 = Prod|Any CPU
		{26D48BBB-4B71-4CA4-B1BE-8D8C7DE14FB8}.Prod|x86.ActiveCfg = Prod|Any CPU
		{26D48BBB-4B71-4CA4-B1BE-8D8C7DE14FB8}.Release|Any CPU.ActiveCfg = Release|Any CPU
		{26D48BBB-4B71-4CA4-B1BE-8D8C7DE14FB8}.Release|Any CPU.Build.0 = Release|Any CPU
		{26D48BBB-4B71-4CA4-B1BE-8D8C7DE14FB8}.Release|Mixed Platforms.ActiveCfg = Release|Any CPU
		{26D48BBB-4B71-4CA4-B1BE-8D8C7DE14FB8}.Release|Mixed Platforms.Build.0 = Release|Any CPU
		{26D48BBB-4B71-4CA4-B1BE-8D8C7DE14FB8}.Release|x86.ActiveCfg = Release|Any CPU
		{D3261B5D-16AE-486E-819C-E8FE7781C910}.Debug|Any CPU.ActiveCfg = Debug|Any CPU
		{D3261B5D-16AE-486E-819C-E8FE7781C910}.Debug|Any CPU.Build.0 = Debug|Any CPU
		{D3261B5D-16AE-486E-819C-E8FE7781C910}.Debug|Mixed Platforms.ActiveCfg = Debug|Any CPU
		{D3261B5D-16AE-486E-819C-E8FE7781C910}.Debug|Mixed Platforms.Build.0 = Debug|Any CPU
		{D3261B5D-16AE-486E-819C-E8FE7781C910}.Debug|x86.ActiveCfg = Debug|Any CPU
		{D3261B5D-16AE-486E-819C-E8FE7781C910}.DebugLocal|Any CPU.ActiveCfg = Debug|Any CPU
		{D3261B5D-16AE-486E-819C-E8FE7781C910}.DebugLocal|Any CPU.Build.0 = Debug|Any CPU
		{D3261B5D-16AE-486E-819C-E8FE7781C910}.DebugLocal|Mixed Platforms.ActiveCfg = Debug|Any CPU
		{D3261B5D-16AE-486E-819C-E8FE7781C910}.DebugLocal|Mixed Platforms.Build.0 = Debug|Any CPU
		{D3261B5D-16AE-486E-819C-E8FE7781C910}.DebugLocal|x86.ActiveCfg = Debug|Any CPU
		{D3261B5D-16AE-486E-819C-E8FE7781C910}.Prod|Any CPU.ActiveCfg = Prod|Any CPU
		{D3261B5D-16AE-486E-819C-E8FE7781C910}.Prod|Any CPU.Build.0 = Prod|Any CPU
		{D3261B5D-16AE-486E-819C-E8FE7781C910}.Prod|Mixed Platforms.ActiveCfg = Prod|Any CPU
		{D3261B5D-16AE-486E-819C-E8FE7781C910}.Prod|Mixed Platforms.Build.0 = Prod|Any CPU
		{D3261B5D-16AE-486E-819C-E8FE7781C910}.Prod|x86.ActiveCfg = Prod|Any CPU
		{D3261B5D-16AE-486E-819C-E8FE7781C910}.Release|Any CPU.ActiveCfg = Release|Any CPU
		{D3261B5D-16AE-486E-819C-E8FE7781C910}.Release|Any CPU.Build.0 = Release|Any CPU
		{D3261B5D-16AE-486E-819C-E8FE7781C910}.Release|Mixed Platforms.ActiveCfg = Release|Any CPU
		{D3261B5D-16AE-486E-819C-E8FE7781C910}.Release|Mixed Platforms.Build.0 = Release|Any CPU
		{D3261B5D-16AE-486E-819C-E8FE7781C910}.Release|x86.ActiveCfg = Release|Any CPU
		{5428FBBF-05A7-47B0-AB6B-2ADD123B956A}.Debug|Any CPU.ActiveCfg = Debug|Any CPU
		{5428FBBF-05A7-47B0-AB6B-2ADD123B956A}.Debug|Any CPU.Build.0 = Debug|Any CPU
		{5428FBBF-05A7-47B0-AB6B-2ADD123B956A}.Debug|Mixed Platforms.ActiveCfg = Debug|Any CPU
		{5428FBBF-05A7-47B0-AB6B-2ADD123B956A}.Debug|Mixed Platforms.Build.0 = Debug|Any CPU
		{5428FBBF-05A7-47B0-AB6B-2ADD123B956A}.Debug|x86.ActiveCfg = Debug|Any CPU
		{5428FBBF-05A7-47B0-AB6B-2ADD123B956A}.DebugLocal|Any CPU.ActiveCfg = Debug|Any CPU
		{5428FBBF-05A7-47B0-AB6B-2ADD123B956A}.DebugLocal|Any CPU.Build.0 = Debug|Any CPU
		{5428FBBF-05A7-47B0-AB6B-2ADD123B956A}.DebugLocal|Mixed Platforms.ActiveCfg = Debug|Any CPU
		{5428FBBF-05A7-47B0-AB6B-2ADD123B956A}.DebugLocal|Mixed Platforms.Build.0 = Debug|Any CPU
		{5428FBBF-05A7-47B0-AB6B-2ADD123B956A}.DebugLocal|x86.ActiveCfg = Debug|Any CPU
		{5428FBBF-05A7-47B0-AB6B-2ADD123B956A}.Prod|Any CPU.ActiveCfg = Prod|Any CPU
		{5428FBBF-05A7-47B0-AB6B-2ADD123B956A}.Prod|Any CPU.Build.0 = Prod|Any CPU
		{5428FBBF-05A7-47B0-AB6B-2ADD123B956A}.Prod|Mixed Platforms.ActiveCfg = Prod|Any CPU
		{5428FBBF-05A7-47B0-AB6B-2ADD123B956A}.Prod|Mixed Platforms.Build.0 = Prod|Any CPU
		{5428FBBF-05A7-47B0-AB6B-2ADD123B956A}.Prod|x86.ActiveCfg = Prod|Any CPU
		{5428FBBF-05A7-47B0-AB6B-2ADD123B956A}.Release|Any CPU.ActiveCfg = Release|Any CPU
		{5428FBBF-05A7-47B0-AB6B-2ADD123B956A}.Release|Any CPU.Build.0 = Release|Any CPU
		{5428FBBF-05A7-47B0-AB6B-2ADD123B956A}.Release|Mixed Platforms.ActiveCfg = Release|Any CPU
		{5428FBBF-05A7-47B0-AB6B-2ADD123B956A}.Release|Mixed Platforms.Build.0 = Release|Any CPU
		{5428FBBF-05A7-47B0-AB6B-2ADD123B956A}.Release|x86.ActiveCfg = Release|Any CPU
		{68A5706C-C8B1-4134-BA8E-D07063A1D379}.Debug|Any CPU.ActiveCfg = Debug|Any CPU
		{68A5706C-C8B1-4134-BA8E-D07063A1D379}.Debug|Any CPU.Build.0 = Debug|Any CPU
		{68A5706C-C8B1-4134-BA8E-D07063A1D379}.Debug|Mixed Platforms.ActiveCfg = Debug|Any CPU
		{68A5706C-C8B1-4134-BA8E-D07063A1D379}.Debug|Mixed Platforms.Build.0 = Debug|Any CPU
		{68A5706C-C8B1-4134-BA8E-D07063A1D379}.Debug|x86.ActiveCfg = Debug|Any CPU
		{68A5706C-C8B1-4134-BA8E-D07063A1D379}.DebugLocal|Any CPU.ActiveCfg = Debug|Any CPU
		{68A5706C-C8B1-4134-BA8E-D07063A1D379}.DebugLocal|Any CPU.Build.0 = Debug|Any CPU
		{68A5706C-C8B1-4134-BA8E-D07063A1D379}.DebugLocal|Mixed Platforms.ActiveCfg = Debug|Any CPU
		{68A5706C-C8B1-4134-BA8E-D07063A1D379}.DebugLocal|Mixed Platforms.Build.0 = Debug|Any CPU
		{68A5706C-C8B1-4134-BA8E-D07063A1D379}.DebugLocal|x86.ActiveCfg = Debug|Any CPU
		{68A5706C-C8B1-4134-BA8E-D07063A1D379}.Prod|Any CPU.ActiveCfg = Prod|Any CPU
		{68A5706C-C8B1-4134-BA8E-D07063A1D379}.Prod|Any CPU.Build.0 = Prod|Any CPU
		{68A5706C-C8B1-4134-BA8E-D07063A1D379}.Prod|Mixed Platforms.ActiveCfg = Prod|Any CPU
		{68A5706C-C8B1-4134-BA8E-D07063A1D379}.Prod|Mixed Platforms.Build.0 = Prod|Any CPU
		{68A5706C-C8B1-4134-BA8E-D07063A1D379}.Prod|x86.ActiveCfg = Prod|Any CPU
		{68A5706C-C8B1-4134-BA8E-D07063A1D379}.Release|Any CPU.ActiveCfg = Release|Any CPU
		{68A5706C-C8B1-4134-BA8E-D07063A1D379}.Release|Any CPU.Build.0 = Release|Any CPU
		{68A5706C-C8B1-4134-BA8E-D07063A1D379}.Release|Mixed Platforms.ActiveCfg = Release|Any CPU
		{68A5706C-C8B1-4134-BA8E-D07063A1D379}.Release|Mixed Platforms.Build.0 = Release|Any CPU
		{68A5706C-C8B1-4134-BA8E-D07063A1D379}.Release|x86.ActiveCfg = Release|Any CPU
		{7A5532A0-4E5D-485B-9906-45CC79CE6D44}.Debug|Any CPU.ActiveCfg = Debug|Any CPU
		{7A5532A0-4E5D-485B-9906-45CC79CE6D44}.Debug|Any CPU.Build.0 = Debug|Any CPU
		{7A5532A0-4E5D-485B-9906-45CC79CE6D44}.Debug|Mixed Platforms.ActiveCfg = Debug|Any CPU
		{7A5532A0-4E5D-485B-9906-45CC79CE6D44}.Debug|Mixed Platforms.Build.0 = Debug|Any CPU
		{7A5532A0-4E5D-485B-9906-45CC79CE6D44}.Debug|x86.ActiveCfg = Debug|Any CPU
		{7A5532A0-4E5D-485B-9906-45CC79CE6D44}.DebugLocal|Any CPU.ActiveCfg = Debug|Any CPU
		{7A5532A0-4E5D-485B-9906-45CC79CE6D44}.DebugLocal|Any CPU.Build.0 = Debug|Any CPU
		{7A5532A0-4E5D-485B-9906-45CC79CE6D44}.DebugLocal|Mixed Platforms.ActiveCfg = Debug|Any CPU
		{7A5532A0-4E5D-485B-9906-45CC79CE6D44}.DebugLocal|Mixed Platforms.Build.0 = Debug|Any CPU
		{7A5532A0-4E5D-485B-9906-45CC79CE6D44}.DebugLocal|x86.ActiveCfg = Debug|Any CPU
		{7A5532A0-4E5D-485B-9906-45CC79CE6D44}.Prod|Any CPU.ActiveCfg = Prod|Any CPU
		{7A5532A0-4E5D-485B-9906-45CC79CE6D44}.Prod|Any CPU.Build.0 = Prod|Any CPU
		{7A5532A0-4E5D-485B-9906-45CC79CE6D44}.Prod|Mixed Platforms.ActiveCfg = Prod|Any CPU
		{7A5532A0-4E5D-485B-9906-45CC79CE6D44}.Prod|Mixed Platforms.Build.0 = Prod|Any CPU
		{7A5532A0-4E5D-485B-9906-45CC79CE6D44}.Prod|x86.ActiveCfg = Prod|Any CPU
		{7A5532A0-4E5D-485B-9906-45CC79CE6D44}.Release|Any CPU.ActiveCfg = Release|Any CPU
		{7A5532A0-4E5D-485B-9906-45CC79CE6D44}.Release|Any CPU.Build.0 = Release|Any CPU
		{7A5532A0-4E5D-485B-9906-45CC79CE6D44}.Release|Mixed Platforms.ActiveCfg = Release|Any CPU
		{7A5532A0-4E5D-485B-9906-45CC79CE6D44}.Release|Mixed Platforms.Build.0 = Release|Any CPU
		{7A5532A0-4E5D-485B-9906-45CC79CE6D44}.Release|x86.ActiveCfg = Release|Any CPU
		{55CDFFCA-89C0-4829-AD5C-0F769D0EBA85}.Debug|Any CPU.ActiveCfg = Debug|Any CPU
		{55CDFFCA-89C0-4829-AD5C-0F769D0EBA85}.Debug|Any CPU.Build.0 = Debug|Any CPU
		{55CDFFCA-89C0-4829-AD5C-0F769D0EBA85}.Debug|Mixed Platforms.ActiveCfg = Debug|Any CPU
		{55CDFFCA-89C0-4829-AD5C-0F769D0EBA85}.Debug|Mixed Platforms.Build.0 = Debug|Any CPU
		{55CDFFCA-89C0-4829-AD5C-0F769D0EBA85}.Debug|x86.ActiveCfg = Debug|Any CPU
		{55CDFFCA-89C0-4829-AD5C-0F769D0EBA85}.DebugLocal|Any CPU.ActiveCfg = Debug|Any CPU
		{55CDFFCA-89C0-4829-AD5C-0F769D0EBA85}.DebugLocal|Any CPU.Build.0 = Debug|Any CPU
		{55CDFFCA-89C0-4829-AD5C-0F769D0EBA85}.DebugLocal|Mixed Platforms.ActiveCfg = Debug|Any CPU
		{55CDFFCA-89C0-4829-AD5C-0F769D0EBA85}.DebugLocal|Mixed Platforms.Build.0 = Debug|Any CPU
		{55CDFFCA-89C0-4829-AD5C-0F769D0EBA85}.DebugLocal|x86.ActiveCfg = Debug|Any CPU
		{55CDFFCA-89C0-4829-AD5C-0F769D0EBA85}.Prod|Any CPU.ActiveCfg = Prod|Any CPU
		{55CDFFCA-89C0-4829-AD5C-0F769D0EBA85}.Prod|Any CPU.Build.0 = Prod|Any CPU
		{55CDFFCA-89C0-4829-AD5C-0F769D0EBA85}.Prod|Mixed Platforms.ActiveCfg = Prod|Any CPU
		{55CDFFCA-89C0-4829-AD5C-0F769D0EBA85}.Prod|Mixed Platforms.Build.0 = Prod|Any CPU
		{55CDFFCA-89C0-4829-AD5C-0F769D0EBA85}.Prod|x86.ActiveCfg = Prod|Any CPU
		{55CDFFCA-89C0-4829-AD5C-0F769D0EBA85}.Release|Any CPU.ActiveCfg = Release|Any CPU
		{55CDFFCA-89C0-4829-AD5C-0F769D0EBA85}.Release|Any CPU.Build.0 = Release|Any CPU
		{55CDFFCA-89C0-4829-AD5C-0F769D0EBA85}.Release|Mixed Platforms.ActiveCfg = Release|Any CPU
		{55CDFFCA-89C0-4829-AD5C-0F769D0EBA85}.Release|Mixed Platforms.Build.0 = Release|Any CPU
		{55CDFFCA-89C0-4829-AD5C-0F769D0EBA85}.Release|x86.ActiveCfg = Release|Any CPU
		{C6295005-8D09-4310-9787-2268661D0054}.Debug|Any CPU.ActiveCfg = Debug|Any CPU
		{C6295005-8D09-4310-9787-2268661D0054}.Debug|Any CPU.Build.0 = Debug|Any CPU
		{C6295005-8D09-4310-9787-2268661D0054}.Debug|Mixed Platforms.ActiveCfg = Debug|Any CPU
		{C6295005-8D09-4310-9787-2268661D0054}.Debug|Mixed Platforms.Build.0 = Debug|Any CPU
		{C6295005-8D09-4310-9787-2268661D0054}.Debug|x86.ActiveCfg = Debug|Any CPU
		{C6295005-8D09-4310-9787-2268661D0054}.DebugLocal|Any CPU.ActiveCfg = Debug|Any CPU
		{C6295005-8D09-4310-9787-2268661D0054}.DebugLocal|Any CPU.Build.0 = Debug|Any CPU
		{C6295005-8D09-4310-9787-2268661D0054}.DebugLocal|Mixed Platforms.ActiveCfg = Debug|Any CPU
		{C6295005-8D09-4310-9787-2268661D0054}.DebugLocal|Mixed Platforms.Build.0 = Debug|Any CPU
		{C6295005-8D09-4310-9787-2268661D0054}.DebugLocal|x86.ActiveCfg = Debug|Any CPU
		{C6295005-8D09-4310-9787-2268661D0054}.Prod|Any CPU.ActiveCfg = Prod|Any CPU
		{C6295005-8D09-4310-9787-2268661D0054}.Prod|Any CPU.Build.0 = Prod|Any CPU
		{C6295005-8D09-4310-9787-2268661D0054}.Prod|Mixed Platforms.ActiveCfg = Prod|Any CPU
		{C6295005-8D09-4310-9787-2268661D0054}.Prod|Mixed Platforms.Build.0 = Prod|Any CPU
		{C6295005-8D09-4310-9787-2268661D0054}.Prod|x86.ActiveCfg = Prod|Any CPU
		{C6295005-8D09-4310-9787-2268661D0054}.Release|Any CPU.ActiveCfg = Release|Any CPU
		{C6295005-8D09-4310-9787-2268661D0054}.Release|Any CPU.Build.0 = Release|Any CPU
		{C6295005-8D09-4310-9787-2268661D0054}.Release|Mixed Platforms.ActiveCfg = Release|Any CPU
		{C6295005-8D09-4310-9787-2268661D0054}.Release|Mixed Platforms.Build.0 = Release|Any CPU
		{C6295005-8D09-4310-9787-2268661D0054}.Release|x86.ActiveCfg = Release|Any CPU
	EndGlobalSection
	GlobalSection(SolutionProperties) = preSolution
		HideSolutionNode = FALSE
	EndGlobalSection
EndGlobal
